
Microsoft Visual Studio Solution File, Format Version 12.00
# Visual Studio Version 17
VisualStudioVersion = 17.8.34330.188
MinimumVisualStudioVersion = 10.0.40219.1
Project("{FAE04EC0-301F-11D3-BF4B-00C04F79EFBC}") = "Assignment5", "Assignment5.csproj", "{382BED34-A0E7-4487-B006-CCCE849E398F}"
EndProject
Project("{FAE04EC0-301F-11D3-BF4B-00C04F79EFBC}") = "Assign5MainApp", "..\Assign5MainApp\Assign5MainApp.csproj", "{6D285B8F-27EB-4D84-8A02-FB6DF68D329B}"
EndProject
Global
	GlobalSection(SolutionConfigurationPlatforms) = preSolution
		Debug|Any CPU = Debug|Any CPU
		Release|Any CPU = Release|Any CPU
	EndGlobalSection
	GlobalSection(ProjectConfigurationPlatforms) = postSolution
		{382BED34-A0E7-4487-B006-CCCE849E398F}.Debug|Any CPU.ActiveCfg = Debug|Any CPU
		{382BED34-A0E7-4487-B006-CCCE849E398F}.Debug|Any CPU.Build.0 = Debug|Any CPU
		{382BED34-A0E7-4487-B006-CCCE849E398F}.Release|Any CPU.ActiveCfg = Release|Any CPU
		{382BED34-A0E7-4487-B006-CCCE849E398F}.Release|Any CPU.Build.0 = Release|Any CPU
		{6D285B8F-27EB-4D84-8A02-FB6DF68D329B}.Debug|Any CPU.ActiveCfg = Debug|Any CPU
		{6D285B8F-27EB-4D84-8A02-FB6DF68D329B}.Debug|Any CPU.Build.0 = Debug|Any CPU
		{6D285B8F-27EB-4D84-8A02-FB6DF68D329B}.Release|Any CPU.ActiveCfg = Release|Any CPU
		{6D285B8F-27EB-4D84-8A02-FB6DF68D329B}.Release|Any CPU.Build.0 = Release|Any CPU
	EndGlobalSection
	GlobalSection(SolutionProperties) = preSolution
		HideSolutionNode = FALSE
	EndGlobalSection
	GlobalSection(ExtensibilityGlobals) = postSolution
		SolutionGuid = {24BE20EF-83B5-4744-A463-1B8921256917}
	EndGlobalSection
EndGlobal
